
Microsoft Visual Studio Solution File, Format Version 12.00
# Visual Studio Version 16
VisualStudioVersion = 16.0.31911.196
MinimumVisualStudioVersion = 10.0.40219.1
Project("{FAE04EC0-301F-11D3-BF4B-00C04F79EFBC}") = "MyStore", "MyStore\MyStore.csproj", "{C09BBD66-0A6E-4D54-B5DF-2151D43ECA24}"
EndProject
Global
	GlobalSection(SolutionConfigurationPlatforms) = preSolution
		Debug|Any CPU = Debug|Any CPU
		Release|Any CPU = Release|Any CPU
	EndGlobalSection
	GlobalSection(ProjectConfigurationPlatforms) = postSolution
		{C09BBD66-0A6E-4D54-B5DF-2151D43ECA24}.Debug|Any CPU.ActiveCfg = Debug|Any CPU
		{C09BBD66-0A6E-4D54-B5DF-2151D43ECA24}.Debug|Any CPU.Build.0 = Debug|Any CPU
		{C09BBD66-0A6E-4D54-B5DF-2151D43ECA24}.Release|Any CPU.ActiveCfg = Release|Any CPU
		{C09BBD66-0A6E-4D54-B5DF-2151D43ECA24}.Release|Any CPU.Build.0 = Release|Any CPU
	EndGlobalSection
	GlobalSection(SolutionProperties) = preSolution
		HideSolutionNode = FALSE
	EndGlobalSection
	GlobalSection(ExtensibilityGlobals) = postSolution
		SolutionGuid = {27C365A3-DE8F-443D-BFA3-D1B9D0037207}
	EndGlobalSection
EndGlobal
